
Microsoft Visual Studio Solution File, Format Version 12.00
Project("{FAE04EC0-301F-11D3-BF4B-00C04F79EFBC}") = "ToObj", "ToObj\ToObj.csproj", "{A06361DA-567D-4CE5-8C2B-6E4398C573FD}"
EndProject
Project("{FAE04EC0-301F-11D3-BF4B-00C04F79EFBC}") = "LinqBooks", "LinqBooks\LinqBooks.csproj", "{65DB1D18-2DB3-4B5D-AB6D-C7707FD3B0B9}"
EndProject
Project("{FAE04EC0-301F-11D3-BF4B-00C04F79EFBC}") = "CustomLINQ", "CustomLINQ\CustomLINQ.csproj", "{677BCE68-8943-4ED5-98C1-ED69CC934946}"
EndProject
Project("{FAE04EC0-301F-11D3-BF4B-00C04F79EFBC}") = "Extensibility", "Extensibility\Extensibility.csproj", "{780B999A-9E94-41E9-9B11-665422214CCE}"
EndProject
Project("{FAE04EC0-301F-11D3-BF4B-00C04F79EFBC}") = "LinqToAmazon", "LinqToAmazon\LinqToAmazon.csproj", "{E1C731EF-073B-430D-9E6D-1847239AF723}"
EndProject
Project("{FAE04EC0-301F-11D3-BF4B-00C04F79EFBC}") = "ExpressionTree", "ExpressionTree\ExpressionTree.csproj", "{54ED8266-F83C-4CF0-9D17-0DA93534EEB3}"
EndProject
Global
	GlobalSection(SolutionConfigurationPlatforms) = preSolution
		Debug|Any CPU = Debug|Any CPU
		Release|Any CPU = Release|Any CPU
	EndGlobalSection
	GlobalSection(ProjectConfigurationPlatforms) = postSolution
		{A06361DA-567D-4CE5-8C2B-6E4398C573FD}.Debug|Any CPU.ActiveCfg = Debug|Any CPU
		{A06361DA-567D-4CE5-8C2B-6E4398C573FD}.Debug|Any CPU.Build.0 = Debug|Any CPU
		{A06361DA-567D-4CE5-8C2B-6E4398C573FD}.Release|Any CPU.ActiveCfg = Release|Any CPU
		{A06361DA-567D-4CE5-8C2B-6E4398C573FD}.Release|Any CPU.Build.0 = Release|Any CPU
		{65DB1D18-2DB3-4B5D-AB6D-C7707FD3B0B9}.Debug|Any CPU.ActiveCfg = Debug|Any CPU
		{65DB1D18-2DB3-4B5D-AB6D-C7707FD3B0B9}.Debug|Any CPU.Build.0 = Debug|Any CPU
		{65DB1D18-2DB3-4B5D-AB6D-C7707FD3B0B9}.Release|Any CPU.ActiveCfg = Release|Any CPU
		{65DB1D18-2DB3-4B5D-AB6D-C7707FD3B0B9}.Release|Any CPU.Build.0 = Release|Any CPU
		{677BCE68-8943-4ED5-98C1-ED69CC934946}.Debug|Any CPU.ActiveCfg = Debug|Any CPU
		{677BCE68-8943-4ED5-98C1-ED69CC934946}.Debug|Any CPU.Build.0 = Debug|Any CPU
		{677BCE68-8943-4ED5-98C1-ED69CC934946}.Release|Any CPU.ActiveCfg = Release|Any CPU
		{677BCE68-8943-4ED5-98C1-ED69CC934946}.Release|Any CPU.Build.0 = Release|Any CPU
		{780B999A-9E94-41E9-9B11-665422214CCE}.Debug|Any CPU.ActiveCfg = Debug|Any CPU
		{780B999A-9E94-41E9-9B11-665422214CCE}.Debug|Any CPU.Build.0 = Debug|Any CPU
		{780B999A-9E94-41E9-9B11-665422214CCE}.Release|Any CPU.ActiveCfg = Release|Any CPU
		{780B999A-9E94-41E9-9B11-665422214CCE}.Release|Any CPU.Build.0 = Release|Any CPU
		{E1C731EF-073B-430D-9E6D-1847239AF723}.Debug|Any CPU.ActiveCfg = Debug|Any CPU
		{E1C731EF-073B-430D-9E6D-1847239AF723}.Debug|Any CPU.Build.0 = Debug|Any CPU
		{E1C731EF-073B-430D-9E6D-1847239AF723}.Release|Any CPU.ActiveCfg = Release|Any CPU
		{E1C731EF-073B-430D-9E6D-1847239AF723}.Release|Any CPU.Build.0 = Release|Any CPU
		{54ED8266-F83C-4CF0-9D17-0DA93534EEB3}.Debug|Any CPU.ActiveCfg = Debug|Any CPU
		{54ED8266-F83C-4CF0-9D17-0DA93534EEB3}.Debug|Any CPU.Build.0 = Debug|Any CPU
		{54ED8266-F83C-4CF0-9D17-0DA93534EEB3}.Release|Any CPU.ActiveCfg = Release|Any CPU
		{54ED8266-F83C-4CF0-9D17-0DA93534EEB3}.Release|Any CPU.Build.0 = Release|Any CPU
	EndGlobalSection
EndGlobal
